
Microsoft Visual Studio Solution File, Format Version 12.00
# Visual Studio Version 17
VisualStudioVersion = 17.3.32819.101
MinimumVisualStudioVersion = 10.0.40219.1
Project("{FAE04EC0-301F-11D3-BF4B-00C04F79EFBC}") = "MSSSAstroServer", "MSSSAstroServer\MSSSAstroServer.csproj", "{F979CC07-B0CB-47B9-A25E-96377BE84010}"
EndProject
Global
	GlobalSection(SolutionConfigurationPlatforms) = preSolution
		Debug|Any CPU = Debug|Any CPU
		Release|Any CPU = Release|Any CPU
	EndGlobalSection
	GlobalSection(ProjectConfigurationPlatforms) = postSolution
		{F979CC07-B0CB-47B9-A25E-96377BE84010}.Debug|Any CPU.ActiveCfg = Debug|Any CPU
		{F979CC07-B0CB-47B9-A25E-96377BE84010}.Debug|Any CPU.Build.0 = Debug|Any CPU
		{F979CC07-B0CB-47B9-A25E-96377BE84010}.Release|Any CPU.ActiveCfg = Release|Any CPU
		{F979CC07-B0CB-47B9-A25E-96377BE84010}.Release|Any CPU.Build.0 = Release|Any CPU
	EndGlobalSection
	GlobalSection(SolutionProperties) = preSolution
		HideSolutionNode = FALSE
	EndGlobalSection
	GlobalSection(ExtensibilityGlobals) = postSolution
		SolutionGuid = {1FC980A4-E698-4B08-BC34-2A5C29F1CB3E}
	EndGlobalSection
EndGlobal
